# This file is automatically @generated by Poetry 1.8.3 and should not be changed by hand.

[[package]]
name = "async-timeout"
version = "4.0.3"
description = "Timeout context manager for asyncio programs"
optional = false
python-versions = ">=3.7"
files = [
    {file = "async-timeout-4.0.3.tar.gz", hash = "sha256:4640d96be84d82d02ed59ea2b7105a0f7b33abe8703703cd0ab0bf87c427522f"},
    {file = "async_timeout-4.0.3-py3-none-any.whl", hash = "sha256:7405140ff1230c310e51dc27b3145b9092d659ce68ff733fb0cefe3ee42be028"},
]

[[package]]
name = "bleak"
version = "0.22.2"
description = "Bluetooth Low Energy platform Agnostic Klient"
optional = false
python-versions = "<3.13,>=3.8"
files = [
    {file = "bleak-0.22.2-py3-none-any.whl", hash = "sha256:8395c9e096f28e0ba1f3e6a8619fa21c327c484f720b7af3ea578d04f498a458"},
    {file = "bleak-0.22.2.tar.gz", hash = "sha256:09010c0f4bd843e7dcaa1652e1bfb2450ce690da08d4c6163f0723aaa986e9fe"},
]

[package.dependencies]
async-timeout = {version = ">=3.0.0,<5", markers = "python_version < \"3.11\""}
bleak-winrt = {version = ">=1.2.0,<2.0.0", markers = "platform_system == \"Windows\" and python_version < \"3.12\""}
dbus-fast = {version = ">=1.83.0,<3", markers = "platform_system == \"Linux\""}
pyobjc-core = {version = ">=10.0,<11.0", markers = "platform_system == \"Darwin\""}
pyobjc-framework-CoreBluetooth = {version = ">=10.0,<11.0", markers = "platform_system == \"Darwin\""}
pyobjc-framework-libdispatch = {version = ">=10.0,<11.0", markers = "platform_system == \"Darwin\""}
typing-extensions = {version = ">=4.7.0", markers = "python_version < \"3.12\""}
winrt-runtime = {version = ">=2,<3", markers = "platform_system == \"Windows\" and python_version >= \"3.12\""}
"winrt-Windows.Devices.Bluetooth" = {version = ">=2,<3", markers = "platform_system == \"Windows\" and python_version >= \"3.12\""}
"winrt-Windows.Devices.Bluetooth.Advertisement" = {version = ">=2,<3", markers = "platform_system == \"Windows\" and python_version >= \"3.12\""}
"winrt-Windows.Devices.Bluetooth.GenericAttributeProfile" = {version = ">=2,<3", markers = "platform_system == \"Windows\" and python_version >= \"3.12\""}
"winrt-Windows.Devices.Enumeration" = {version = ">=2,<3", markers = "platform_system == \"Windows\" and python_version >= \"3.12\""}
"winrt-Windows.Foundation" = {version = ">=2,<3", markers = "platform_system == \"Windows\" and python_version >= \"3.12\""}
"winrt-Windows.Foundation.Collections" = {version = ">=2,<3", markers = "platform_system == \"Windows\" and python_version >= \"3.12\""}
"winrt-Windows.Storage.Streams" = {version = ">=2,<3", markers = "platform_system == \"Windows\" and python_version >= \"3.12\""}

[[package]]
name = "bleak-winrt"
version = "1.2.0"
description = "Python WinRT bindings for Bleak"
optional = false
python-versions = "*"
files = [
    {file = "bleak-winrt-1.2.0.tar.gz", hash = "sha256:0577d070251b9354fc6c45ffac57e39341ebb08ead014b1bdbd43e211d2ce1d6"},
    {file = "bleak_winrt-1.2.0-cp310-cp310-win32.whl", hash = "sha256:a2ae3054d6843ae0cfd3b94c83293a1dfd5804393977dd69bde91cb5099fc47c"},
    {file = "bleak_winrt-1.2.0-cp310-cp310-win_amd64.whl", hash = "sha256:677df51dc825c6657b3ae94f00bd09b8ab88422b40d6a7bdbf7972a63bc44e9a"},
    {file = "bleak_winrt-1.2.0-cp311-cp311-win32.whl", hash = "sha256:9449cdb942f22c9892bc1ada99e2ccce9bea8a8af1493e81fefb6de2cb3a7b80"},
    {file = "bleak_winrt-1.2.0-cp311-cp311-win_amd64.whl", hash = "sha256:98c1b5a6a6c431ac7f76aa4285b752fe14a1c626bd8a1dfa56f66173ff120bee"},
    {file = "bleak_winrt-1.2.0-cp37-cp37m-win32.whl", hash = "sha256:623ac511696e1f58d83cb9c431e32f613395f2199b3db7f125a3d872cab968a4"},
    {file = "bleak_winrt-1.2.0-cp37-cp37m-win_amd64.whl", hash = "sha256:13ab06dec55469cf51a2c187be7b630a7a2922e1ea9ac1998135974a7239b1e3"},
    {file = "bleak_winrt-1.2.0-cp38-cp38-win32.whl", hash = "sha256:5a36ff8cd53068c01a795a75d2c13054ddc5f99ce6de62c1a97cd343fc4d0727"},
    {file = "bleak_winrt-1.2.0-cp38-cp38-win_amd64.whl", hash = "sha256:810c00726653a962256b7acd8edf81ab9e4a3c66e936a342ce4aec7dbd3a7263"},
    {file = "bleak_winrt-1.2.0-cp39-cp39-win32.whl", hash = "sha256:dd740047a08925bde54bec357391fcee595d7b8ca0c74c87170a5cbc3f97aa0a"},
    {file = "bleak_winrt-1.2.0-cp39-cp39-win_amd64.whl", hash = "sha256:63130c11acfe75c504a79c01f9919e87f009f5e742bfc7b7a5c2a9c72bf591a7"},
]

[[package]]
name = "dbus-fast"
version = "2.21.3"
description = "A faster version of dbus-next"
optional = false
python-versions = "<4.0,>=3.7"
files = [
    {file = "dbus_fast-2.21.3-cp310-cp310-manylinux_2_17_i686.manylinux_2_5_i686.manylinux1_i686.manylinux2014_i686.whl", hash = "sha256:828f2a337eac4c3b24b43ab4edc8d8bc656f558a4f07aa2b173e007ce093bd49"},
    {file = "dbus_fast-2.21.3-cp310-cp310-manylinux_2_17_x86_64.manylinux2014_x86_64.whl", hash = "sha256:b379ed7ef0d174480e41a5f1dde3392d974e618bb91e5fbfa06396c24d3c80fc"},
    {file = "dbus_fast-2.21.3-cp310-cp310-manylinux_2_31_x86_64.whl", hash = "sha256:990d60e9796fa142e16af331e53d91aaa94dfbcf37b474c1d6caf61310fcc5ee"},
    {file = "dbus_fast-2.21.3-cp310-cp310-musllinux_1_1_i686.whl", hash = "sha256:9d0bbfa7cdb440f13d58e13625344b918b70ff0ccddc20ddd9c0ebf3e5a765dd"},
    {file = "dbus_fast-2.21.3-cp310-cp310-musllinux_1_1_x86_64.whl", hash = "sha256:0d4f459ba4fa394e3ba22a7421055878953aa92efd01e3a1d5216519c6b1586c"},
    {file = "dbus_fast-2.21.3-cp311-cp311-manylinux_2_17_i686.manylinux_2_5_i686.manylinux1_i686.manylinux2014_i686.whl", hash = "sha256:61d20cecc3efdc0e75bb7d5f4ae18929559003644b32945bfaa93b7e06cd94b6"},
    {file = "dbus_fast-2.21.3-cp311-cp311-manylinux_2_17_x86_64.manylinux2014_x86_64.whl", hash = "sha256:d53f5b24c732af5ae9c7e88fc9ba687ce2a785c63dcea3b9c984619f1bdcf71a"},
    {file = "dbus_fast-2.21.3-cp311-cp311-musllinux_1_1_i686.whl", hash = "sha256:b5ef802b2b7e5dbebdfa338a0278e5212a6073c26764c75f3e373e2a9b01797c"},
    {file = "dbus_fast-2.21.3-cp311-cp311-musllinux_1_1_x86_64.whl", hash = "sha256:251d46d0d7cbed0d9b9eac2f91f6669893db9b87e19defb99f9a85579c2f786a"},
    {file = "dbus_fast-2.21.3-cp312-cp312-manylinux_2_17_i686.manylinux_2_5_i686.manylinux1_i686.manylinux2014_i686.whl", hash = "sha256:0665d8cb179f0b8fff23e63592c1f454fdaa4ae44a4263a7a7b7df8d834b3f71"},
    {file = "dbus_fast-2.21.3-cp312-cp312-manylinux_2_17_x86_64.manylinux2014_x86_64.whl", hash = "sha256:29ca29609a31f816c315844ed41b81247e3114261d26e5ee1dcc85bf5c046a36"},
    {file = "dbus_fast-2.21.3-cp312-cp312-musllinux_1_1_i686.whl", hash = "sha256:b520792549e8b2b1e4c8777492783ba81065bd02e16e4390e2b299bf33f1feea"},
    {file = "dbus_fast-2.21.3-cp312-cp312-musllinux_1_1_x86_64.whl", hash = "sha256:f44d2ea35daefac7ad1ede65695fde18526fb38f9ec0aadf108f629bb6c87293"},
    {file = "dbus_fast-2.21.3-cp37-cp37m-manylinux_2_17_i686.manylinux_2_5_i686.manylinux1_i686.manylinux2014_i686.whl", hash = "sha256:50aa62f63de3e591d739b4925816b84f4169e9086701a2722a5e7a1f6f273bc0"},
    {file = "dbus_fast-2.21.3-cp37-cp37m-manylinux_2_17_x86_64.manylinux2014_x86_64.whl", hash = "sha256:c8fad077a989b002602aa192cfa95b89b3e40c5fa6da7740f42a87488bdbed6f"},
    {file = "dbus_fast-2.21.3-cp37-cp37m-musllinux_1_1_i686.whl", hash = "sha256:87e8db4ea5023024a638826321039497dcbc7e70583bd33743eac2d8e69ca4fb"},
    {file = "dbus_fast-2.21.3-cp37-cp37m-musllinux_1_1_x86_64.whl", hash = "sha256:0c342d8b33079c550ea575344d53807f6ae6464b1a5f6f9e0523fae979198872"},
    {file = "dbus_fast-2.21.3-cp38-cp38-manylinux_2_17_i686.manylinux_2_5_i686.manylinux1_i686.manylinux2014_i686.whl", hash = "sha256:41d6f81a5226e90f1bde95ce90a63430f58aea0c300f034b4055a7bfae187031"},
    {file = "dbus_fast-2.21.3-cp38-cp38-manylinux_2_17_x86_64.manylinux2014_x86_64.whl", hash = "sha256:d76b512cc8db4ebdfb7879d7cae42ee0adc362671bc0a4f55df5f4ebe547602d"},
    {file = "dbus_fast-2.21.3-cp38-cp38-musllinux_1_1_i686.whl", hash = "sha256:9fdbe2b22668f4021e909e65fa6a25bca1ab08294a35c600af95ba06a2f2d101"},
    {file = "dbus_fast-2.21.3-cp38-cp38-musllinux_1_1_x86_64.whl", hash = "sha256:638c4b64159f8a3567e38705246bd1a2625d8c9adbb7ffa23a6a2ec2dfd40db0"},
    {file = "dbus_fast-2.21.3-cp39-cp39-manylinux_2_17_i686.manylinux_2_5_i686.manylinux1_i686.manylinux2014_i686.whl", hash = "sha256:dadc4bdcbe808f0d1750f951b3b4211763f280116714cb9749ebae2262bdc49c"},
    {file = "dbus_fast-2.21.3-cp39-cp39-manylinux_2_17_x86_64.manylinux2014_x86_64.whl", hash = "sha256:83e0a28e04218493ebd66c1f2a5290203ffff924ec01b37c5128ba1fa9731255"},
    {file = "dbus_fast-2.21.3-cp39-cp39-musllinux_1_1_i686.whl", hash = "sha256:846733011edad8c0125f2b1148783c8d2ae162419707bb7e2bf08a26040939d8"},
    {file = "dbus_fast-2.21.3-cp39-cp39-musllinux_1_1_x86_64.whl", hash = "sha256:07213240465c3c7306705ad512c983ada45ef222d2eecf3d7ab19f397b02de0d"},
    {file = "dbus_fast-2.21.3-pp310-pypy310_pp73-manylinux_2_17_i686.manylinux_2_5_i686.manylinux1_i686.manylinux2014_i686.whl", hash = "sha256:8bfea9007a654adc5c16d43d124fded0c788fdb2a6e2c470fcfd7d0076bda87e"},
    {file = "dbus_fast-2.21.3-pp310-pypy310_pp73-manylinux_2_17_x86_64.manylinux_2_5_x86_64.manylinux1_x86_64.manylinux2014_x86_64.whl", hash = "sha256:1d5b202ffd4314c82f68b2431d928d596c45def381c018832003045f19ed857a"},
    {file = "dbus_fast-2.21.3-pp37-pypy37_pp73-manylinux_2_17_i686.manylinux_2_5_i686.manylinux1_i686.manylinux2014_i686.whl", hash = "sha256:19091565dd9b5db9b3fa82459361c459387c01b11a656f36cab6a73284300c8c"},
    {file = "dbus_fast-2.21.3-pp37-pypy37_pp73-manylinux_2_17_x86_64.manylinux_2_5_x86_64.manylinux1_x86_64.manylinux2014_x86_64.whl", hash = "sha256:fa74eb299ec88319a6a46c9b59aeebf9782378d9724913bcb3fb746a3222f70a"},
    {file = "dbus_fast-2.21.3-pp38-pypy38_pp73-manylinux_2_17_i686.manylinux_2_5_i686.manylinux1_i686.manylinux2014_i686.whl", hash = "sha256:2bb2a659f31e1af87a3c4e41af3af69cb5a2bb4a335b35d8d6e80b43e8aed8e9"},
    {file = "dbus_fast-2.21.3-pp38-pypy38_pp73-manylinux_2_17_x86_64.manylinux_2_5_x86_64.manylinux1_x86_64.manylinux2014_x86_64.whl", hash = "sha256:56bf648a329257b127ee05667451e929c50ada7117737d14341a5399ca7860e1"},
    {file = "dbus_fast-2.21.3-pp39-pypy39_pp73-manylinux_2_17_i686.manylinux_2_5_i686.manylinux1_i686.manylinux2014_i686.whl", hash = "sha256:4bb07da46377b7affe648ce34ac42fb3409e87b40b55d64f0fd23512e583ce46"},
    {file = "dbus_fast-2.21.3-pp39-pypy39_pp73-manylinux_2_17_x86_64.manylinux_2_5_x86_64.manylinux1_x86_64.manylinux2014_x86_64.whl", hash = "sha256:b07d22e167b0af834344bd1c8619b702b823d8989d6884fc9719c6e871c413f5"},
    {file = "dbus_fast-2.21.3.tar.gz", hash = "sha256:8d0f0f61d007c1316ce79cde35ed52c0ce8ce229fd0f0bf8c9af2013ab4516a7"},
]

[[package]]
name = "pyobjc-core"
version = "10.3"
description = "Python<->ObjC Interoperability Module"
optional = false
python-versions = ">=3.8"
files = [
    {file = "pyobjc_core-10.3-cp310-cp310-macosx_10_9_universal2.whl", hash = "sha256:713dd174e3fd4bfb975949d7314c778d02909d5c017497408d8eedcedab73a42"},
    {file = "pyobjc_core-10.3-cp311-cp311-macosx_10_9_universal2.whl", hash = "sha256:9eca0c6d3923e8f5c4a86831e446f2995958525ff0c6a01f6f4fa8de0cb25c8a"},
    {file = "pyobjc_core-10.3-cp312-cp312-macosx_10_9_universal2.whl", hash = "sha256:50dfe3bd7295f04445cf3134113578678a188ca4fb0869e821369a2d288492dc"},
    {file = "pyobjc_core-10.3-cp313-cp313-macosx_10_9_universal2.whl", hash = "sha256:13511c0ab3235486d4560e9923ed96db76357e7c7e70e0629fee9425b0a8d901"},
    {file = "pyobjc_core-10.3-cp38-cp38-macosx_10_9_x86_64.whl", hash = "sha256:a7e3a0625f9370ef86a2529be0d22dd3dc48326a7a28113bc6f24d4bf866d076"},
    {file = "pyobjc_core-10.3-cp38-cp38-macosx_11_0_universal2.whl", hash = "sha256:7a17321d2e226ca43a8f70f8bc823cfaa58ff9d9cdedcd16708d4eec9ca808b2"},
    {file = "pyobjc_core-10.3-cp39-cp39-macosx_10_9_universal2.whl", hash = "sha256:5c2bfb2f9fcb9f291a64041a336aab1b34a20dbbf4f77fca3057a7d8ef9ce9c5"},
    {file = "pyobjc_core-10.3.tar.gz", hash = "sha256:875f2555b51a8a36cafbdb7d5d36f3452287a81bd5d7dc09aa6c309d638a9275"},
]

[[package]]
name = "pyobjc-framework-cocoa"
version = "10.3"
description = "Wrappers for the Cocoa frameworks on macOS"
optional = false
python-versions = ">=3.8"
files = [
    {file = "pyobjc_framework_Cocoa-10.3-cp310-cp310-macosx_10_9_universal2.whl", hash = "sha256:745fcd99cc9ca1827a5b6fa2127d12023428f8ce2047afefc57b1e69f185750f"},
    {file = "pyobjc_framework_Cocoa-10.3-cp311-cp311-macosx_10_9_universal2.whl", hash = "sha256:116b79be8e9756047a9b6f90d2f08c0e640ff86fcea85ca553dbbb4b121b390f"},
    {file = "pyobjc_framework_Cocoa-10.3-cp312-cp312-macosx_10_9_universal2.whl", hash = "sha256:08ccc260d3481ddf03784f7dcf2cc7a4e9d8f1ecdf727cb4f80cde7b88416c39"},
    {file = "pyobjc_framework_Cocoa-10.3-cp313-cp313-macosx_10_9_universal2.whl", hash = "sha256:277f5e4d4fab0d431cb5f07fc161a3076cb365099977e748c6a255e94eaad137"},
    {file = "pyobjc_framework_Cocoa-10.3-cp38-cp38-macosx_10_9_x86_64.whl", hash = "sha256:008e5ca144a378513ee5f8c5a9009e8b4401ec09edda3648b01f8d8b640b3152"},
    {file = "pyobjc_framework_Cocoa-10.3-cp38-cp38-macosx_11_0_universal2.whl", hash = "sha256:3c3f9806aa04dc1cd08e18a98a97629f0d0581fa0d6a71e739934f02e8b1a8df"},
    {file = "pyobjc_framework_Cocoa-10.3-cp39-cp39-macosx_10_9_universal2.whl", hash = "sha256:fb89620f96d5d0d52a158faeab1b568bed6fa6d0c4f883198e60e60a14db1360"},
    {file = "pyobjc_framework_cocoa-10.3.tar.gz", hash = "sha256:d39f90ffe04143911060c392e62b9514f14caaba119657d6e2b8b197af49e117"},
]

[package.dependencies]
pyobjc-core = ">=10.3"

[[package]]
name = "pyobjc-framework-corebluetooth"
version = "10.3"
description = "Wrappers for the framework CoreBluetooth on macOS"
optional = false
python-versions = ">=3.8"
files = [
    {file = "pyobjc_framework_CoreBluetooth-10.3-cp36-abi3-macosx_10_9_universal2.whl", hash = "sha256:1da6f13386165f28a55d71ba73fc93e3a731023cd83cbb0846f43aff7135856a"},
    {file = "pyobjc_framework_CoreBluetooth-10.3-cp36-abi3-macosx_10_9_x86_64.whl", hash = "sha256:d96c721409979953353e006596f8d646ae35f3a463b2545a4d0083244a81f2a9"},
    {file = "pyobjc_framework_CoreBluetooth-10.3-cp36-abi3-macosx_11_0_universal2.whl", hash = "sha256:439abd4edcbd6f091f4a885afe01f322ca4c879e6eb0edda869f359c5979fef9"},
    {file = "pyobjc_framework_corebluetooth-10.3.tar.gz", hash = "sha256:7ca00c8f96517b4421162846b5f66369360e4523ca917c6e0507d051381fb466"},
]

[package.dependencies]
pyobjc-core = ">=10.3"
pyobjc-framework-Cocoa = ">=10.3"

[[package]]
name = "pyobjc-framework-libdispatch"
version = "10.3"
description = "Wrappers for libdispatch on macOS"
optional = false
python-versions = ">=3.8"
files = [
    {file = "pyobjc_framework_libdispatch-10.3-cp310-cp310-macosx_10_9_universal2.whl", hash = "sha256:6845f7dcb13cd24e921eed2c9cf5087ce138f69089a05ba0bf9ac9e2d5294930"},
    {file = "pyobjc_framework_libdispatch-10.3-cp311-cp311-macosx_10_9_universal2.whl", hash = "sha256:0e49c4e6614f53a9c89f0e79abbee3cdcdd6426dd213780ebb9e3eeeb02088c3"},
    {file = "pyobjc_framework_libdispatch-10.3-cp312-cp312-macosx_10_9_universal2.whl", hash = "sha256:e71d7bad62be682718035d384aefc7603ec1f350ee7992cf89a3eff797f6e371"},
    {file = "pyobjc_framework_libdispatch-10.3-cp313-cp313-macosx_10_9_universal2.whl", hash = "sha256:df656b26e04bc489f76f96d1748f3349a9fb0a5f6dcd8f0ca686b0bf1c89641f"},
    {file = "pyobjc_framework_libdispatch-10.3-cp38-cp38-macosx_10_9_x86_64.whl", hash = "sha256:2da791f1515c64c40e2e4de552933f77fdcced8321afa1511eae7c35c0f31a30"},
    {file = "pyobjc_framework_libdispatch-10.3-cp38-cp38-macosx_11_0_universal2.whl", hash = "sha256:c1f46c4dc4816274c890822bb809462cbe8c46b27be24cceb4fa0902b85e8ec0"},
    {file = "pyobjc_framework_libdispatch-10.3-cp39-cp39-macosx_10_9_universal2.whl", hash = "sha256:1d47e167bd6e246a1f5c9c780955d5b08ed049f0d71af23314f81715d0e98500"},
    {file = "pyobjc_framework_libdispatch-10.3.tar.gz", hash = "sha256:1f0aa2a1900788368bc8370a631d7ee83e18cd3cacc32bbfb2b3653d9d93d892"},
]

[package.dependencies]
pyobjc-core = ">=10.3"
pyobjc-framework-Cocoa = ">=10.3"

[[package]]
name = "typing-extensions"
version = "4.12.2"
description = "Backported and Experimental Type Hints for Python 3.8+"
optional = false
python-versions = ">=3.8"
files = [
    {file = "typing_extensions-4.12.2-py3-none-any.whl", hash = "sha256:04e5ca0351e0f3f85c6853954072df659d0d13fac324d0072316b67d7794700d"},
    {file = "typing_extensions-4.12.2.tar.gz", hash = "sha256:1a7ead55c7e559dd4dee8856e3a88b41225abfe1ce8df57b7c13915fe121ffb8"},
]

[[package]]
name = "winrt-runtime"
version = "2.0.1"
description = "Python projection of Windows Runtime (WinRT) APIs"
optional = false
python-versions = "<3.13,>=3.9"
files = [
    {file = "winrt_runtime-2.0.1-cp310-cp310-win32.whl", hash = "sha256:b1d8c2c01b40755b8f546eaf01fef2c722af4fb6934e4ce7ad7e5eb7ba404846"},
    {file = "winrt_runtime-2.0.1-cp310-cp310-win_amd64.whl", hash = "sha256:66bd7b98b5e2e2a0ae81089c26b5c284ee5f36603121584c82f2d1e0dfbfec37"},
    {file = "winrt_runtime-2.0.1-cp310-cp310-win_arm64.whl", hash = "sha256:6136966a7c9f01c6cd55c7e2bc3b67573069b7f8b8ee910f1f791bece09ad597"},
    {file = "winrt_runtime-2.0.1-cp311-cp311-win32.whl", hash = "sha256:136142cecca5a87e13571277bace0ced0eee73f6d16dda967bc142bb7d4a0091"},
    {file = "winrt_runtime-2.0.1-cp311-cp311-win_amd64.whl", hash = "sha256:d67360b744b1cc82efbe168ee21ed067483263f466aaab2f6321d9148b1b0552"},
    {file = "winrt_runtime-2.0.1-cp311-cp311-win_arm64.whl", hash = "sha256:33d9b3cb99bf96082e883af0db97adc74a7f0fc7339f9ab9d28f64d59bba1212"},
    {file = "winrt_runtime-2.0.1-cp312-cp312-win32.whl", hash = "sha256:0947009e5f049bd7f3dd6284bb4161f644304877c9527c140f26e6daf9755767"},
    {file = "winrt_runtime-2.0.1-cp312-cp312-win_amd64.whl", hash = "sha256:72e3ddcda15b35e77b4e334c6cdbf345e76b12e176510cc9c3b7c61a08fb6ce8"},
    {file = "winrt_runtime-2.0.1-cp312-cp312-win_arm64.whl", hash = "sha256:e13d3ba43f3a63b506965b32353589968507f608c6c6484fa2684eb4cb9a230a"},
    {file = "winrt_runtime-2.0.1-cp39-cp39-win32.whl", hash = "sha256:a734860406b445325168b7fd9b7e98539cec6c24dc8095e3b6e6db84b2c1a656"},
    {file = "winrt_runtime-2.0.1-cp39-cp39-win_amd64.whl", hash = "sha256:5dec5fc5e5f1be8fb7fd062ff30707500ff684b5fd5063fe4d7e9a196fdb9594"},
    {file = "winrt_runtime-2.0.1-cp39-cp39-win_arm64.whl", hash = "sha256:c13f40456b78f25934392a72b87cca3e50380c06732afedb7a18698f281ccd25"},
    {file = "winrt_runtime-2.0.1.tar.gz", hash = "sha256:4d485fe7d2528ae220aca621a94aeafa28d938ed679599b8c4bbad0fc8877d9d"},
]

[[package]]
name = "winrt-windows-devices-bluetooth"
version = "2.0.1"
description = "Python projection of Windows Runtime (WinRT) APIs"
optional = false
python-versions = "<3.13,>=3.9"
files = [
    {file = "winrt_Windows.Devices.Bluetooth-2.0.1-cp310-cp310-win32.whl", hash = "sha256:80ef50eb1d82cb869b6dc1f312bb5cd28a4c1f88946fc3abe7fc3c4f7ef2e4c8"},
    {file = "winrt_Windows.Devices.Bluetooth-2.0.1-cp310-cp310-win_amd64.whl", hash = "sha256:838f66afb145e6a93fa5151f1e5883e55a781c5f1fdf37d2d903fcee7680565f"},
    {file = "winrt_Windows.Devices.Bluetooth-2.0.1-cp310-cp310-win_arm64.whl", hash = "sha256:81971d961f41b71ca9999f3a6c03f35f50f9939bc144455ec6a7aea63aba8167"},
    {file = "winrt_Windows.Devices.Bluetooth-2.0.1-cp311-cp311-win32.whl", hash = "sha256:89042d64cc556ac1c49fef46b0a25ad969a66a2c473ddd5fd5f4cbd735c30c77"},
    {file = "winrt_Windows.Devices.Bluetooth-2.0.1-cp311-cp311-win_amd64.whl", hash = "sha256:b6bac9fa687ab2ab4a98de2d7e96e21dfa7291bb388fcff4247096c099327cd6"},
    {file = "winrt_Windows.Devices.Bluetooth-2.0.1-cp311-cp311-win_arm64.whl", hash = "sha256:03b461fd1d2005ff22f212ee418cc9d387502f1ea86ace9a347e81554dc95822"},
    {file = "winrt_Windows.Devices.Bluetooth-2.0.1-cp312-cp312-win32.whl", hash = "sha256:695e62296d87c676d385d427374d4f8452fc457b58d5ecd3118af01e3829370d"},
    {file = "winrt_Windows.Devices.Bluetooth-2.0.1-cp312-cp312-win_amd64.whl", hash = "sha256:f80dcbd2f297e2789f367ad1fd4033e0d69057eb9dfc631327215915a95ba0b4"},
    {file = "winrt_Windows.Devices.Bluetooth-2.0.1-cp312-cp312-win_arm64.whl", hash = "sha256:5a5bc9e541f23151255bd82ee3bffa319c35e9ba95879cdedf597cc8cc903f94"},
    {file = "winrt_Windows.Devices.Bluetooth-2.0.1-cp39-cp39-win32.whl", hash = "sha256:dffff7e6801b8e69e694b36fe1d147094fb6ac29ce54fd3ca3e52ab417473cc4"},
    {file = "winrt_Windows.Devices.Bluetooth-2.0.1-cp39-cp39-win_amd64.whl", hash = "sha256:62bae806ecdf3021e1ec685d5a44012657c0961ca2027eeb1c37864f53577e51"},
    {file = "winrt_Windows.Devices.Bluetooth-2.0.1-cp39-cp39-win_arm64.whl", hash = "sha256:7f3b102e9b4bea1915cc922b571e0c226956c161102d228ec1788e3caf4e226d"},
    {file = "winrt_windows_devices_bluetooth-2.0.1.tar.gz", hash = "sha256:c91b3f54bfe1ed7e1e597566b83a625d32efe397b21473668046ccb4b57f5a28"},
]

[package.dependencies]
winrt-runtime = "2.0.1"

[package.extras]
all = ["winrt-Windows.Devices.Bluetooth.GenericAttributeProfile[all] (==2.0.1)", "winrt-Windows.Devices.Bluetooth.Rfcomm[all] (==2.0.1)", "winrt-Windows.Devices.Enumeration[all] (==2.0.1)", "winrt-Windows.Devices.Radios[all] (==2.0.1)", "winrt-Windows.Foundation.Collections[all] (==2.0.1)", "winrt-Windows.Foundation[all] (==2.0.1)", "winrt-Windows.Networking[all] (==2.0.1)", "winrt-Windows.Storage.Streams[all] (==2.0.1)"]

[[package]]
name = "winrt-windows-devices-bluetooth-advertisement"
version = "2.0.1"
description = "Python projection of Windows Runtime (WinRT) APIs"
optional = false
python-versions = "<3.13,>=3.9"
files = [
    {file = "winrt_Windows.Devices.Bluetooth.Advertisement-2.0.1-cp310-cp310-win32.whl", hash = "sha256:a63919f00fb15574443886be32295a1e95656eeda5c0a6299169338a276d03b0"},
    {file = "winrt_Windows.Devices.Bluetooth.Advertisement-2.0.1-cp310-cp310-win_amd64.whl", hash = "sha256:266755af11ecb01c0c8a626da5072011ab4e1aea90426f80e1269107b8e8780a"},
    {file = "winrt_Windows.Devices.Bluetooth.Advertisement-2.0.1-cp310-cp310-win_arm64.whl", hash = "sha256:856b00087a93763db157441eda78a308dc21cee816cbcf51ca7b4b07fde6cdb5"},
    {file = "winrt_Windows.Devices.Bluetooth.Advertisement-2.0.1-cp311-cp311-win32.whl", hash = "sha256:480050e8928da6c7f1f99a2b60206fbfb3252817fee0a9123142c9f8754e5687"},
    {file = "winrt_Windows.Devices.Bluetooth.Advertisement-2.0.1-cp311-cp311-win_amd64.whl", hash = "sha256:9272aa9ca77b356892218f32d1ffac0215fcdf331802d3bed842fd4d1448aeef"},
    {file = "winrt_Windows.Devices.Bluetooth.Advertisement-2.0.1-cp311-cp311-win_arm64.whl", hash = "sha256:231af49fc2154a6a248d3e7c2a3ea131ac3fb870a1701c3fa5be65f258eb70e0"},
    {file = "winrt_Windows.Devices.Bluetooth.Advertisement-2.0.1-cp312-cp312-win32.whl", hash = "sha256:3038f08fc6151055b4d11468b0dda3ee46ae6080b25221c4ea54c11b255a0f50"},
    {file = "winrt_Windows.Devices.Bluetooth.Advertisement-2.0.1-cp312-cp312-win_amd64.whl", hash = "sha256:b547929477be00350118589f25dfc49f825e5df5da618afec465cede6af7e0a5"},
    {file = "winrt_Windows.Devices.Bluetooth.Advertisement-2.0.1-cp312-cp312-win_arm64.whl", hash = "sha256:ea5c861e11bc6d565ab5fe6a4af6e6064c1812fee1d0e8f9c6dff2daafbcc046"},
    {file = "winrt_Windows.Devices.Bluetooth.Advertisement-2.0.1-cp39-cp39-win32.whl", hash = "sha256:86d11fd5c055f76eefac7f6cc02450832811503b83280e26a83613afe1d17c92"},
    {file = "winrt_Windows.Devices.Bluetooth.Advertisement-2.0.1-cp39-cp39-win_amd64.whl", hash = "sha256:c8495ce12fda8fce3da130664917eb199d19ca1ebf7d5ab996f5df584b5e3a1f"},
    {file = "winrt_Windows.Devices.Bluetooth.Advertisement-2.0.1-cp39-cp39-win_arm64.whl", hash = "sha256:0e91160a98e5b0fffae196982b5670e678ac919a6e14eb7e9798fdcbff45f8d2"},
    {file = "winrt_windows_devices_bluetooth_advertisement-2.0.1.tar.gz", hash = "sha256:130e6238a1897bfef98a711cdb1b02694fa0e18eb67d8fd4019a64a53685b331"},
]

[package.dependencies]
winrt-runtime = "2.0.1"

[package.extras]
all = ["winrt-Windows.Devices.Bluetooth[all] (==2.0.1)", "winrt-Windows.Foundation.Collections[all] (==2.0.1)", "winrt-Windows.Foundation[all] (==2.0.1)", "winrt-Windows.Storage.Streams[all] (==2.0.1)"]

[[package]]
name = "winrt-windows-devices-bluetooth-genericattributeprofile"
version = "2.0.1"
description = "Python projection of Windows Runtime (WinRT) APIs"
optional = false
python-versions = "<3.13,>=3.9"
files = [
    {file = "winrt_Windows.Devices.Bluetooth.GenericAttributeProfile-2.0.1-cp310-cp310-win32.whl", hash = "sha256:0a5118852dce4d50fd8d6c73ff3dc2c68403899b86060c0a85f7f0da284230cb"},
    {file = "winrt_Windows.Devices.Bluetooth.GenericAttributeProfile-2.0.1-cp310-cp310-win_amd64.whl", hash = "sha256:0695c73f0f20745c83ec9d7b5b8a6f55efd0df974dea81ad8382fad193f71275"},
    {file = "winrt_Windows.Devices.Bluetooth.GenericAttributeProfile-2.0.1-cp310-cp310-win_arm64.whl", hash = "sha256:8a6385cc8a1749f049f29037b2cfcce781bc80721ca4734de8ef0375b55ca1e5"},
    {file = "winrt_Windows.Devices.Bluetooth.GenericAttributeProfile-2.0.1-cp311-cp311-win32.whl", hash = "sha256:858e48931713ddfb2ad52614bb87a653d91c30f602e335a3ed27daca15860b54"},
    {file = "winrt_Windows.Devices.Bluetooth.GenericAttributeProfile-2.0.1-cp311-cp311-win_amd64.whl", hash = "sha256:494000287b9b4e1b89fb4feb1379d95b2147dbf4bd4b1942f88c6c56afc2ba97"},
    {file = "winrt_Windows.Devices.Bluetooth.GenericAttributeProfile-2.0.1-cp311-cp311-win_arm64.whl", hash = "sha256:26270ea815c26df35c5c74ad7f10a99dd976e27031cc7316350a0c0395b19ee6"},
    {file = "winrt_Windows.Devices.Bluetooth.GenericAttributeProfile-2.0.1-cp312-cp312-win32.whl", hash = "sha256:21e8c0f158adcf0b40c4b5bfd5144aa312e5edaaf759d6599c85c118ebf60214"},
    {file = "winrt_Windows.Devices.Bluetooth.GenericAttributeProfile-2.0.1-cp312-cp312-win_amd64.whl", hash = "sha256:b05d929b819e83e91299b0e5b937ea1ca524b15486791ee5b513ae026ef25efa"},
    {file = "winrt_Windows.Devices.Bluetooth.GenericAttributeProfile-2.0.1-cp312-cp312-win_arm64.whl", hash = "sha256:944215e5623d0c746a6c2e356dec36cf3a7281933f0819a3b4f2fbbddb4af382"},
    {file = "winrt_Windows.Devices.Bluetooth.GenericAttributeProfile-2.0.1-cp39-cp39-win32.whl", hash = "sha256:3e2a54db384dcf05265a855a2548e2abd9b7726c8ec4b9ad06059606c5d90409"},
    {file = "winrt_Windows.Devices.Bluetooth.GenericAttributeProfile-2.0.1-cp39-cp39-win_amd64.whl", hash = "sha256:2bdbb55d4bef15c762a5d5b4e27b534146ec6580075ed9cc681e75e6ff0d5a97"},
    {file = "winrt_Windows.Devices.Bluetooth.GenericAttributeProfile-2.0.1-cp39-cp39-win_arm64.whl", hash = "sha256:01e74c76d4f16b4490d78c8c7509f2570c843366c1c6bf196a5b729520a31258"},
    {file = "winrt_windows_devices_bluetooth_genericattributeprofile-2.0.1.tar.gz", hash = "sha256:69d7dabd53fbf9acdc2d206def60f5c9777416a9d6911c3420be700aaff4e492"},
]

[package.dependencies]
winrt-runtime = "2.0.1"

[package.extras]
all = ["winrt-Windows.Devices.Bluetooth[all] (==2.0.1)", "winrt-Windows.Devices.Enumeration[all] (==2.0.1)", "winrt-Windows.Foundation.Collections[all] (==2.0.1)", "winrt-Windows.Foundation[all] (==2.0.1)", "winrt-Windows.Storage.Streams[all] (==2.0.1)"]

[[package]]
name = "winrt-windows-devices-enumeration"
version = "2.0.1"
description = "Python projection of Windows Runtime (WinRT) APIs"
optional = false
python-versions = "<3.13,>=3.9"
files = [
    {file = "winrt_Windows.Devices.Enumeration-2.0.1-cp310-cp310-win32.whl", hash = "sha256:828456ed950d8b427d78dfedd54bf7514e9793019dbf6a5a8f725560be364578"},
    {file = "winrt_Windows.Devices.Enumeration-2.0.1-cp310-cp310-win_amd64.whl", hash = "sha256:217c9d14e94aea5e497f7aa8cd808e9255df98e28a12417194729debe0b77e65"},
    {file = "winrt_Windows.Devices.Enumeration-2.0.1-cp310-cp310-win_arm64.whl", hash = "sha256:751c20ad01a58a3bb5f273c3cf653475448d8f77f7331b96af7fc87204f1bc6a"},
    {file = "winrt_Windows.Devices.Enumeration-2.0.1-cp311-cp311-win32.whl", hash = "sha256:8b28f4bc052a7442fdd7e3113021a264de972ca5421cc08ba53dd724f3826174"},
    {file = "winrt_Windows.Devices.Enumeration-2.0.1-cp311-cp311-win_amd64.whl", hash = "sha256:e3c0316f8487547fab36556b9ac94dec75551c70e0c977b92c4eb47c12d86bb0"},
    {file = "winrt_Windows.Devices.Enumeration-2.0.1-cp311-cp311-win_arm64.whl", hash = "sha256:572b0918f9babc9d2c31d8df800a988df2cf18492e462de602babc5d97639b16"},
    {file = "winrt_Windows.Devices.Enumeration-2.0.1-cp312-cp312-win32.whl", hash = "sha256:6b6108466574846c969ba7d14e1d085948c1724cd087a494e1913315fb3ea4e0"},
    {file = "winrt_Windows.Devices.Enumeration-2.0.1-cp312-cp312-win_amd64.whl", hash = "sha256:8af4510ef393c3d97c71f082fc31412cf8b1cc8d8b74a30bab4144a5fd2edfe7"},
    {file = "winrt_Windows.Devices.Enumeration-2.0.1-cp312-cp312-win_arm64.whl", hash = "sha256:b3d36f47715550ba980fb1be43cdfbac17a833744cb2f08c634349a8a31feb9c"},
    {file = "winrt_Windows.Devices.Enumeration-2.0.1-cp39-cp39-win32.whl", hash = "sha256:9301f5e00bd2562b063e0f6e0de6f0596b7fb3eabc443bd7e115772de6cc08f9"},
    {file = "winrt_Windows.Devices.Enumeration-2.0.1-cp39-cp39-win_amd64.whl", hash = "sha256:9999d93ae9441d35c564d498bb4d6767b593254a92b7c1559058a7450a0c304e"},
    {file = "winrt_Windows.Devices.Enumeration-2.0.1-cp39-cp39-win_arm64.whl", hash = "sha256:504ca45a9b90387a2f4f727dbbeefcf79beb013ac7a29081bb14c8ab13e10367"},
    {file = "winrt_windows_devices_enumeration-2.0.1.tar.gz", hash = "sha256:ed227dd22ece253db913de24e4fc5194d9f3272e2a5959a2450ae79e81bf7949"},
]

[package.dependencies]
winrt-runtime = "2.0.1"

[package.extras]
all = ["winrt-Windows.ApplicationModel.Background[all] (==2.0.1)", "winrt-Windows.Foundation.Collections[all] (==2.0.1)", "winrt-Windows.Foundation[all] (==2.0.1)", "winrt-Windows.Security.Credentials[all] (==2.0.1)", "winrt-Windows.Storage.Streams[all] (==2.0.1)", "winrt-Windows.UI.Popups[all] (==2.0.1)", "winrt-Windows.UI[all] (==2.0.1)"]

[[package]]
name = "winrt-windows-foundation"
version = "2.0.1"
description = "Python projection of Windows Runtime (WinRT) APIs"
optional = false
python-versions = "<3.13,>=3.9"
files = [
    {file = "winrt_Windows.Foundation-2.0.1-cp310-cp310-win32.whl", hash = "sha256:f8cdc6f1f81e241a8a4d19f9d323828e61d75bd77fecfbe0c4d735e385326c4e"},
    {file = "winrt_Windows.Foundation-2.0.1-cp310-cp310-win_amd64.whl", hash = "sha256:b8868c73642c66798c18ce8021796acb9beea59b6d2361344e8776c27ab847c7"},
    {file = "winrt_Windows.Foundation-2.0.1-cp310-cp310-win_arm64.whl", hash = "sha256:4b5df8a9f69b15c71fe9b6f4f8e8589fe043d4d7ab843bb73607c7a4adde68f1"},
    {file = "winrt_Windows.Foundation-2.0.1-cp311-cp311-win32.whl", hash = "sha256:28ad6cd21126cc75cfb28527489e06699b36d8d6d5fdea5487e51c85ea9cc358"},
    {file = "winrt_Windows.Foundation-2.0.1-cp311-cp311-win_amd64.whl", hash = "sha256:75d5a4974662ca11eab1438a711433951bef2e7db156b0c7ca34f47fbd19f117"},
    {file = "winrt_Windows.Foundation-2.0.1-cp311-cp311-win_arm64.whl", hash = "sha256:d129a9fdfe5205bff2e9ccad705539fabd485ce6a8e47ded876aa664545b5216"},
    {file = "winrt_Windows.Foundation-2.0.1-cp312-cp312-win32.whl", hash = "sha256:a1dd4c93f435fd2f8f6e180af1cd2d3af8d22518b4c25c843e0b850b38e8be0f"},
    {file = "winrt_Windows.Foundation-2.0.1-cp312-cp312-win_amd64.whl", hash = "sha256:3c54ac18fea4a488dae8a3261f6633c17ed2a632c35d15112caa9294f8c5560d"},
    {file = "winrt_Windows.Foundation-2.0.1-cp312-cp312-win_arm64.whl", hash = "sha256:29f648a66a3e3285fcb5fdd1821582d60f6b3021e5dcc02acb008c8f48f15e7a"},
    {file = "winrt_Windows.Foundation-2.0.1-cp39-cp39-win32.whl", hash = "sha256:7abbf10666d6da5dbfb6a47125786a05dac267731a3d38feb8faddade9bf1151"},
    {file = "winrt_Windows.Foundation-2.0.1-cp39-cp39-win_amd64.whl", hash = "sha256:aab18ad12de63a353ab1847aff3216ba4e5499e328da5edcb72c8007da6bdb02"},
    {file = "winrt_Windows.Foundation-2.0.1-cp39-cp39-win_arm64.whl", hash = "sha256:bde9ecfc1c75410d669ee3124a84ba101d5a8ab1911807ad227658624fc22ffb"},
    {file = "winrt_windows_foundation-2.0.1.tar.gz", hash = "sha256:6e4da10cff652ac17740753c38ebe69565f5f970f60100106469b2e004ef312c"},
]

[package.dependencies]
winrt-runtime = "2.0.1"

[package.extras]
all = ["winrt-Windows.Foundation.Collections[all] (==2.0.1)"]

[[package]]
name = "winrt-windows-foundation-collections"
version = "2.0.1"
description = "Python projection of Windows Runtime (WinRT) APIs"
optional = false
python-versions = "<3.13,>=3.9"
files = [
    {file = "winrt_Windows.Foundation.Collections-2.0.1-cp310-cp310-win32.whl", hash = "sha256:805f8d9a2f61276eb8e4284d439c61893c5acca0c17265f6dc10b8747c89bc39"},
    {file = "winrt_Windows.Foundation.Collections-2.0.1-cp310-cp310-win_amd64.whl", hash = "sha256:2464c2b67e732f7e05497ea04ee43b9926743f10e8766c90a279270a3afe4b6a"},
    {file = "winrt_Windows.Foundation.Collections-2.0.1-cp310-cp310-win_arm64.whl", hash = "sha256:ab1094c0091c573b1ecf72fd3cd8380d6eef9e6d0f59ccc5e676c697702eddc2"},
    {file = "winrt_Windows.Foundation.Collections-2.0.1-cp311-cp311-win32.whl", hash = "sha256:be0bd1b45252da5142b6ee80e3e488ad50931c6595e70674556ccad36080f2a9"},
    {file = "winrt_Windows.Foundation.Collections-2.0.1-cp311-cp311-win_amd64.whl", hash = "sha256:a4f299a006266632240cc66ade8d82db6167a769fb1b5ec76cf22f2dfb43777a"},
    {file = "winrt_Windows.Foundation.Collections-2.0.1-cp311-cp311-win_arm64.whl", hash = "sha256:84d66f1e2c8896534cfca80eaf4508e25d34e34b37b1e2eb4beb7462220edf78"},
    {file = "winrt_Windows.Foundation.Collections-2.0.1-cp312-cp312-win32.whl", hash = "sha256:d36a49ee53c8726148cac1920bf57a95b07eab576275b5efb0e97adea6fdacb2"},
    {file = "winrt_Windows.Foundation.Collections-2.0.1-cp312-cp312-win_amd64.whl", hash = "sha256:c63e46569024e1504cc8e3b4f233e69162bc92e0428b4e92cb7dbc7cdc89db5f"},
    {file = "winrt_Windows.Foundation.Collections-2.0.1-cp312-cp312-win_arm64.whl", hash = "sha256:5f5aac867f2b2fbc65e453c942bfde5bb158e60f47d2615455143fab335694e8"},
    {file = "winrt_Windows.Foundation.Collections-2.0.1-cp39-cp39-win32.whl", hash = "sha256:c26ab7b3342669dc09be62db5c5434e7194fb6eb1ec5b03fba1163f6b3e7b843"},
    {file = "winrt_Windows.Foundation.Collections-2.0.1-cp39-cp39-win_amd64.whl", hash = "sha256:2f9bc7e28f3ade1c1f3113939dbf630bfef5e3c3018c039a404d7e4d39aae4cb"},
    {file = "winrt_Windows.Foundation.Collections-2.0.1-cp39-cp39-win_arm64.whl", hash = "sha256:1f3e76f3298bec3938d94e4857c29af9776ec78112bdd09bb7794f06fd38bb13"},
    {file = "winrt_windows_foundation_collections-2.0.1.tar.gz", hash = "sha256:7d18955f161ba27d785c8fe2ef340f338b6edd2c5226fe2b005840e2a855e708"},
]

[package.dependencies]
winrt-runtime = "2.0.1"

[package.extras]
all = ["winrt-Windows.Foundation[all] (==2.0.1)"]

[[package]]
name = "winrt-windows-storage-streams"
version = "2.0.1"
description = "Python projection of Windows Runtime (WinRT) APIs"
optional = false
python-versions = "<3.13,>=3.9"
files = [
    {file = "winrt_Windows.Storage.Streams-2.0.1-cp310-cp310-win32.whl", hash = "sha256:9e88593f17983b5714957c6f48e7ecdc8fb4410d57cd4b097aded722dc5243d3"},
    {file = "winrt_Windows.Storage.Streams-2.0.1-cp310-cp310-win_amd64.whl", hash = "sha256:23bfecd91c2b4355f2281dc0cf8a29a32f1783d61f7df8162c29516a30df98a2"},
    {file = "winrt_Windows.Storage.Streams-2.0.1-cp310-cp310-win_arm64.whl", hash = "sha256:4bbbb6476e25563395834ca0d18a674f3ae97dde8b10e1713f569ec60557ed92"},
    {file = "winrt_Windows.Storage.Streams-2.0.1-cp311-cp311-win32.whl", hash = "sha256:ed64b2215b6a1ff21c6849948e02fd7f31d1dbf81a4c25871d87dbb97029410e"},
    {file = "winrt_Windows.Storage.Streams-2.0.1-cp311-cp311-win_amd64.whl", hash = "sha256:5ba46b0c7ca819598d2559c2374be9fb1e374a0d866a4fdca15fc1900d83e080"},
    {file = "winrt_Windows.Storage.Streams-2.0.1-cp311-cp311-win_arm64.whl", hash = "sha256:0e802596bac1b59476a4a5a0cd68c7bd0483c4c3b4e4a2489768108729213113"},
    {file = "winrt_Windows.Storage.Streams-2.0.1-cp312-cp312-win32.whl", hash = "sha256:8d04759f1370514f95e486c7fad1ec33047dc8db275dd839bb906d79d2ee6088"},
    {file = "winrt_Windows.Storage.Streams-2.0.1-cp312-cp312-win_amd64.whl", hash = "sha256:af2a459bdef54702972e05d9ba3bdc3583816404bddb79831f4a7b9a74e37ff1"},
    {file = "winrt_Windows.Storage.Streams-2.0.1-cp312-cp312-win_arm64.whl", hash = "sha256:0a5446194fb88125569e293657f6bac926731d8ff6126f1b693848fbd2c72167"},
    {file = "winrt_Windows.Storage.Streams-2.0.1-cp39-cp39-win32.whl", hash = "sha256:f6dec418ad0118c258a1b2999fc8d4fc0d9575e6353a75a242ff8cc63c9b2146"},
    {file = "winrt_Windows.Storage.Streams-2.0.1-cp39-cp39-win_amd64.whl", hash = "sha256:9fbc40f600ab44a45cda47b698bd8e494e80e221446a5958c4d8d59a8d46f117"},
    {file = "winrt_Windows.Storage.Streams-2.0.1-cp39-cp39-win_arm64.whl", hash = "sha256:08059774c6d49d195ce00c3802d19364f418a6f3e42b94373621551792d2da60"},
    {file = "winrt_windows_storage_streams-2.0.1.tar.gz", hash = "sha256:3de8351ed3a9cfcfd1d028ce97ffe90bb95744f906eef025b06e7f4431943ee6"},
]

[package.dependencies]
winrt-runtime = "2.0.1"

[package.extras]
all = ["winrt-Windows.Foundation.Collections[all] (==2.0.1)", "winrt-Windows.Foundation[all] (==2.0.1)", "winrt-Windows.Storage[all] (==2.0.1)", "winrt-Windows.System[all] (==2.0.1)"]

[metadata]
lock-version = "2.0"
python-versions = ">=3.8,<3.13"
content-hash = "d8a3704568d81171862c29d802961121866f9ca9e2313e28fc82b38f32ccc3f1"
